// !$*UTF8*$!
{
	archiveVersion = 1;
	classes = {
	};
	objectVersion = 46;
	objects = {

/* Begin PBXBuildFile section */
		847C094C167832F600EE33B3 /* StickObject.m in Sources */ = {isa = PBXBuildFile; fileRef = 847C094B167832F600EE33B3 /* StickObject.m */; };
		847C09501678812A00EE33B3 /* DiscoveryCell.m in Sources */ = {isa = PBXBuildFile; fileRef = 847C094F1678812A00EE33B3 /* DiscoveryCell.m */; };
		847C09521678837700EE33B3 /* DiscoveryCell.xib in Resources */ = {isa = PBXBuildFile; fileRef = 847C09511678837700EE33B3 /* DiscoveryCell.xib */; };
		847C095E167895B600EE33B3 /* DiscoveryCell1.m in Sources */ = {isa = PBXBuildFile; fileRef = 847C095D167895B600EE33B3 /* DiscoveryCell1.m */; };
		847C0960167895CC00EE33B3 /* DiscoveryCell1.xib in Resources */ = {isa = PBXBuildFile; fileRef = 847C095F167895CC00EE33B3 /* DiscoveryCell1.xib */; };
		847CF5181676EFC000CC9411 /* UIKit.framework in Frameworks */ = {isa = PBXBuildFile; fileRef = 847CF5171676EFC000CC9411 /* UIKit.framework */; };
		847CF51A1676EFC000CC9411 /* Foundation.framework in Frameworks */ = {isa = PBXBuildFile; fileRef = 847CF5191676EFC000CC9411 /* Foundation.framework */; };
		847CF51C1676EFC000CC9411 /* CoreGraphics.framework in Frameworks */ = {isa = PBXBuildFile; fileRef = 847CF51B1676EFC000CC9411 /* CoreGraphics.framework */; };
		847CF5221676EFC000CC9411 /* InfoPlist.strings in Resources */ = {isa = PBXBuildFile; fileRef = 847CF5201676EFC000CC9411 /* InfoPlist.strings */; };
		847CF5241676EFC000CC9411 /* main.m in Sources */ = {isa = PBXBuildFile; fileRef = 847CF5231676EFC000CC9411 /* main.m */; };
		847CF5511676F08700CC9411 /* BLEDiscoveryHelper.m in Sources */ = {isa = PBXBuildFile; fileRef = 847CF5361676F08700CC9411 /* BLEDiscoveryHelper.m */; };
		847CF5521676F08700CC9411 /* Constants.m in Sources */ = {isa = PBXBuildFile; fileRef = 847CF5381676F08700CC9411 /* Constants.m */; };
		847CF5531676F08700CC9411 /* UserDefaultsHelper.m in Sources */ = {isa = PBXBuildFile; fileRef = 847CF53B1676F08700CC9411 /* UserDefaultsHelper.m */; };
		847CF5541676F08700CC9411 /* Discovery.png in Resources */ = {isa = PBXBuildFile; fileRef = 847CF53F1676F08700CC9411 /* Discovery.png */; };
		847CF5551676F08700CC9411 /* Discovery@2x.png in Resources */ = {isa = PBXBuildFile; fileRef = 847CF5401676F08700CC9411 /* Discovery@2x.png */; };
		847CF5561676F08700CC9411 /* Settings.png in Resources */ = {isa = PBXBuildFile; fileRef = 847CF5411676F08700CC9411 /* Settings.png */; };
		847CF5571676F08700CC9411 /* Settings@2x.png in Resources */ = {isa = PBXBuildFile; fileRef = 847CF5421676F08700CC9411 /* Settings@2x.png */; };
		847CF5581676F08700CC9411 /* DiscoveryViewController.xib in Resources */ = {isa = PBXBuildFile; fileRef = 847CF5441676F08700CC9411 /* DiscoveryViewController.xib */; };
		847CF5591676F08700CC9411 /* SettingsViewController.xib in Resources */ = {isa = PBXBuildFile; fileRef = 847CF5451676F08700CC9411 /* SettingsViewController.xib */; };
		847CF55A1676F08700CC9411 /* DiscoveryViewController.m in Sources */ = {isa = PBXBuildFile; fileRef = 847CF5481676F08700CC9411 /* DiscoveryViewController.m */; };
		847CF55B1676F08700CC9411 /* SettingsViewController.m in Sources */ = {isa = PBXBuildFile; fileRef = 847CF54A1676F08700CC9411 /* SettingsViewController.m */; };
		847CF55C1676F08700CC9411 /* AppDelegate.m in Sources */ = {isa = PBXBuildFile; fileRef = 847CF54D1676F08700CC9411 /* AppDelegate.m */; };
		847CF55F1676F0A100CC9411 /* CoreBluetooth.framework in Frameworks */ = {isa = PBXBuildFile; fileRef = 847CF55E1676F0A100CC9411 /* CoreBluetooth.framework */; };
		84987D4E1678A37B00C4BA41 /* DetailStickedObjectViewController.m in Sources */ = {isa = PBXBuildFile; fileRef = 84987D4C1678A37B00C4BA41 /* DetailStickedObjectViewController.m */; };
		84987D4F1678A37B00C4BA41 /* DetailStickedObjectViewController.xib in Resources */ = {isa = PBXBuildFile; fileRef = 84987D4D1678A37B00C4BA41 /* DetailStickedObjectViewController.xib */; };
/* End PBXBuildFile section */

/* Begin PBXFileReference section */
		847C094A167832F600EE33B3 /* StickObject.h */ = {isa = PBXFileReference; fileEncoding = 4; lastKnownFileType = sourcecode.c.h; path = StickObject.h; sourceTree = "<group>"; };
		847C094B167832F600EE33B3 /* StickObject.m */ = {isa = PBXFileReference; fileEncoding = 4; lastKnownFileType = sourcecode.c.objc; path = StickObject.m; sourceTree = "<group>"; };
		847C094E1678812A00EE33B3 /* DiscoveryCell.h */ = {isa = PBXFileReference; fileEncoding = 4; lastKnownFileType = sourcecode.c.h; path = DiscoveryCell.h; sourceTree = "<group>"; };
		847C094F1678812A00EE33B3 /* DiscoveryCell.m */ = {isa = PBXFileReference; fileEncoding = 4; lastKnownFileType = sourcecode.c.objc; path = DiscoveryCell.m; sourceTree = "<group>"; };
		847C09511678837700EE33B3 /* DiscoveryCell.xib */ = {isa = PBXFileReference; fileEncoding = 4; lastKnownFileType = file.xib; path = DiscoveryCell.xib; sourceTree = "<group>"; };
		847C095C167895B600EE33B3 /* DiscoveryCell1.h */ = {isa = PBXFileReference; fileEncoding = 4; lastKnownFileType = sourcecode.c.h; path = DiscoveryCell1.h; sourceTree = "<group>"; };
		847C095D167895B600EE33B3 /* DiscoveryCell1.m */ = {isa = PBXFileReference; fileEncoding = 4; lastKnownFileType = sourcecode.c.objc; path = DiscoveryCell1.m; sourceTree = "<group>"; };
		847C095F167895CC00EE33B3 /* DiscoveryCell1.xib */ = {isa = PBXFileReference; fileEncoding = 4; lastKnownFileType = file.xib; path = DiscoveryCell1.xib; sourceTree = "<group>"; };
		847CF5131676EFC000CC9411 /* StickMe.app */ = {isa = PBXFileReference; explicitFileType = wrapper.application; includeInIndex = 0; path = StickMe.app; sourceTree = BUILT_PRODUCTS_DIR; };
		847CF5171676EFC000CC9411 /* UIKit.framework */ = {isa = PBXFileReference; lastKnownFileType = wrapper.framework; name = UIKit.framework; path = System/Library/Frameworks/UIKit.framework; sourceTree = SDKROOT; };
		847CF5191676EFC000CC9411 /* Foundation.framework */ = {isa = PBXFileReference; lastKnownFileType = wrapper.framework; name = Foundation.framework; path = System/Library/Frameworks/Foundation.framework; sourceTree = SDKROOT; };
		847CF51B1676EFC000CC9411 /* CoreGraphics.framework */ = {isa = PBXFileReference; lastKnownFileType = wrapper.framework; name = CoreGraphics.framework; path = System/Library/Frameworks/CoreGraphics.framework; sourceTree = SDKROOT; };
		847CF51F1676EFC000CC9411 /* StickMe-Info.plist */ = {isa = PBXFileReference; lastKnownFileType = text.plist.xml; path = "StickMe-Info.plist"; sourceTree = "<group>"; };
		847CF5211676EFC000CC9411 /* en */ = {isa = PBXFileReference; lastKnownFileType = text.plist.strings; name = en; path = en.lproj/InfoPlist.strings; sourceTree = "<group>"; };
		847CF5231676EFC000CC9411 /* main.m */ = {isa = PBXFileReference; lastKnownFileType = sourcecode.c.objc; path = main.m; sourceTree = "<group>"; };
		847CF5251676EFC000CC9411 /* StickMe-Prefix.pch */ = {isa = PBXFileReference; lastKnownFileType = sourcecode.c.h; path = "StickMe-Prefix.pch"; sourceTree = "<group>"; };
		847CF5351676F08700CC9411 /* BLEDiscoveryHelper.h */ = {isa = PBXFileReference; fileEncoding = 4; lastKnownFileType = sourcecode.c.h; path = BLEDiscoveryHelper.h; sourceTree = "<group>"; };
		847CF5361676F08700CC9411 /* BLEDiscoveryHelper.m */ = {isa = PBXFileReference; fileEncoding = 4; lastKnownFileType = sourcecode.c.objc; path = BLEDiscoveryHelper.m; sourceTree = "<group>"; };
		847CF5371676F08700CC9411 /* Constants.h */ = {isa = PBXFileReference; fileEncoding = 4; lastKnownFileType = sourcecode.c.h; path = Constants.h; sourceTree = "<group>"; };
		847CF5381676F08700CC9411 /* Constants.m */ = {isa = PBXFileReference; fileEncoding = 4; lastKnownFileType = sourcecode.c.objc; path = Constants.m; sourceTree = "<group>"; };
		847CF5391676F08700CC9411 /* Defines.h */ = {isa = PBXFileReference; fileEncoding = 4; lastKnownFileType = sourcecode.c.h; path = Defines.h; sourceTree = "<group>"; };
		847CF53A1676F08700CC9411 /* UserDefaultsHelper.h */ = {isa = PBXFileReference; fileEncoding = 4; lastKnownFileType = sourcecode.c.h; path = UserDefaultsHelper.h; sourceTree = "<group>"; };
		847CF53B1676F08700CC9411 /* UserDefaultsHelper.m */ = {isa = PBXFileReference; fileEncoding = 4; lastKnownFileType = sourcecode.c.objc; path = UserDefaultsHelper.m; sourceTree = "<group>"; };
		847CF53F1676F08700CC9411 /* Discovery.png */ = {isa = PBXFileReference; lastKnownFileType = image.png; path = Discovery.png; sourceTree = "<group>"; };
		847CF5401676F08700CC9411 /* Discovery@2x.png */ = {isa = PBXFileReference; lastKnownFileType = image.png; path = "Discovery@2x.png"; sourceTree = "<group>"; };
		847CF5411676F08700CC9411 /* Settings.png */ = {isa = PBXFileReference; lastKnownFileType = image.png; path = Settings.png; sourceTree = "<group>"; };
		847CF5421676F08700CC9411 /* Settings@2x.png */ = {isa = PBXFileReference; lastKnownFileType = image.png; path = "Settings@2x.png"; sourceTree = "<group>"; };
		847CF5441676F08700CC9411 /* DiscoveryViewController.xib */ = {isa = PBXFileReference; fileEncoding = 4; lastKnownFileType = file.xib; path = DiscoveryViewController.xib; sourceTree = "<group>"; };
		847CF5451676F08700CC9411 /* SettingsViewController.xib */ = {isa = PBXFileReference; fileEncoding = 4; lastKnownFileType = file.xib; path = SettingsViewController.xib; sourceTree = "<group>"; };
		847CF5471676F08700CC9411 /* DiscoveryViewController.h */ = {isa = PBXFileReference; fileEncoding = 4; lastKnownFileType = sourcecode.c.h; path = DiscoveryViewController.h; sourceTree = "<group>"; };
		847CF5481676F08700CC9411 /* DiscoveryViewController.m */ = {isa = PBXFileReference; fileEncoding = 4; lastKnownFileType = sourcecode.c.objc; path = DiscoveryViewController.m; sourceTree = "<group>"; };
		847CF5491676F08700CC9411 /* SettingsViewController.h */ = {isa = PBXFileReference; fileEncoding = 4; lastKnownFileType = sourcecode.c.h; path = SettingsViewController.h; sourceTree = "<group>"; };
		847CF54A1676F08700CC9411 /* SettingsViewController.m */ = {isa = PBXFileReference; fileEncoding = 4; lastKnownFileType = sourcecode.c.objc; path = SettingsViewController.m; sourceTree = "<group>"; };
		847CF54C1676F08700CC9411 /* AppDelegate.h */ = {isa = PBXFileReference; fileEncoding = 4; lastKnownFileType = sourcecode.c.h; path = AppDelegate.h; sourceTree = "<group>"; };
		847CF54D1676F08700CC9411 /* AppDelegate.m */ = {isa = PBXFileReference; fileEncoding = 4; lastKnownFileType = sourcecode.c.objc; path = AppDelegate.m; sourceTree = "<group>"; };
		847CF55E1676F0A100CC9411 /* CoreBluetooth.framework */ = {isa = PBXFileReference; lastKnownFileType = wrapper.framework; name = CoreBluetooth.framework; path = System/Library/Frameworks/CoreBluetooth.framework; sourceTree = SDKROOT; };
		84987D4B1678A37B00C4BA41 /* DetailStickedObjectViewController.h */ = {isa = PBXFileReference; fileEncoding = 4; lastKnownFileType = sourcecode.c.h; path = DetailStickedObjectViewController.h; sourceTree = "<group>"; };
		84987D4C1678A37B00C4BA41 /* DetailStickedObjectViewController.m */ = {isa = PBXFileReference; fileEncoding = 4; lastKnownFileType = sourcecode.c.objc; path = DetailStickedObjectViewController.m; sourceTree = "<group>"; };
		84987D4D1678A37B00C4BA41 /* DetailStickedObjectViewController.xib */ = {isa = PBXFileReference; fileEncoding = 4; lastKnownFileType = file.xib; name = DetailStickedObjectViewController.xib; path = ../../ViewControllers/DetailStickedObjectViewController.xib; sourceTree = "<group>"; };
/* End PBXFileReference section */

/* Begin PBXFrameworksBuildPhase section */
		847CF5101676EFC000CC9411 /* Frameworks */ = {
			isa = PBXFrameworksBuildPhase;
			buildActionMask = 2147483647;
			files = (
				847CF55F1676F0A100CC9411 /* CoreBluetooth.framework in Frameworks */,
				847CF5181676EFC000CC9411 /* UIKit.framework in Frameworks */,
				847CF51A1676EFC000CC9411 /* Foundation.framework in Frameworks */,
				847CF51C1676EFC000CC9411 /* CoreGraphics.framework in Frameworks */,
			);
			runOnlyForDeploymentPostprocessing = 0;
		};
/* End PBXFrameworksBuildPhase section */

/* Begin PBXGroup section */
		841C9A0616770E970061991B /* Extensions */ = {
			isa = PBXGroup;
			children = (
			);
			name = Extensions;
			sourceTree = "<group>";
		};
		847C094D167880B600EE33B3 /* Views */ = {
			isa = PBXGroup;
			children = (
				847C094E1678812A00EE33B3 /* DiscoveryCell.h */,
				847C094F1678812A00EE33B3 /* DiscoveryCell.m */,
				847C095C167895B600EE33B3 /* DiscoveryCell1.h */,
				847C095D167895B600EE33B3 /* DiscoveryCell1.m */,
			);
			path = Views;
			sourceTree = "<group>";
		};
		847CF5081676EFC000CC9411 = {
			isa = PBXGroup;
			children = (
				847CF51D1676EFC000CC9411 /* StickMe */,
				847CF5161676EFC000CC9411 /* Frameworks */,
				847CF5141676EFC000CC9411 /* Products */,
			);
			sourceTree = "<group>";
		};
		847CF5141676EFC000CC9411 /* Products */ = {
			isa = PBXGroup;
			children = (
				847CF5131676EFC000CC9411 /* StickMe.app */,
			);
			name = Products;
			sourceTree = "<group>";
		};
		847CF5161676EFC000CC9411 /* Frameworks */ = {
			isa = PBXGroup;
			children = (
				847CF55E1676F0A100CC9411 /* CoreBluetooth.framework */,
				847CF5171676EFC000CC9411 /* UIKit.framework */,
				847CF5191676EFC000CC9411 /* Foundation.framework */,
				847CF51B1676EFC000CC9411 /* CoreGraphics.framework */,
			);
			name = Frameworks;
			sourceTree = "<group>";
		};
		847CF51D1676EFC000CC9411 /* StickMe */ = {
			isa = PBXGroup;
			children = (
				841C9A0616770E970061991B /* Extensions */,
				847CF5331676F08700CC9411 /* Utilities */,
				847CF53C1676F08700CC9411 /* Resources */,
				847CF5461676F08700CC9411 /* ViewControllers */,
				847C094D167880B600EE33B3 /* Views */,
				847CF54B1676F08700CC9411 /* AppDelegate */,
				847CF51E1676EFC000CC9411 /* Supporting Files */,
			);
			path = StickMe;
			sourceTree = "<group>";
		};
		847CF51E1676EFC000CC9411 /* Supporting Files */ = {
			isa = PBXGroup;
			children = (
				847CF51F1676EFC000CC9411 /* StickMe-Info.plist */,
				847CF5201676EFC000CC9411 /* InfoPlist.strings */,
				847CF5231676EFC000CC9411 /* main.m */,
				847CF5251676EFC000CC9411 /* StickMe-Prefix.pch */,
			);
			name = "Supporting Files";
			sourceTree = "<group>";
		};
		847CF5331676F08700CC9411 /* Utilities */ = {
			isa = PBXGroup;
			children = (
				847C094A167832F600EE33B3 /* StickObject.h */,
				847C094B167832F600EE33B3 /* StickObject.m */,
				847CF5341676F08700CC9411 /* BLEHelper */,
				847CF5371676F08700CC9411 /* Constants.h */,
				847CF5381676F08700CC9411 /* Constants.m */,
				847CF5391676F08700CC9411 /* Defines.h */,
				847CF53A1676F08700CC9411 /* UserDefaultsHelper.h */,
				847CF53B1676F08700CC9411 /* UserDefaultsHelper.m */,
			);
			name = Utilities;
			path = "../../../Stick'n'Find/Stick'n'Find/Stick'n'Find/Utilities";
			sourceTree = "<group>";
		};
		847CF5341676F08700CC9411 /* BLEHelper */ = {
			isa = PBXGroup;
			children = (
				847CF5351676F08700CC9411 /* BLEDiscoveryHelper.h */,
				847CF5361676F08700CC9411 /* BLEDiscoveryHelper.m */,
			);
			path = BLEHelper;
			sourceTree = "<group>";
		};
		847CF53C1676F08700CC9411 /* Resources */ = {
			isa = PBXGroup;
			children = (
				847CF53D1676F08700CC9411 /* Images */,
				847CF5431676F08700CC9411 /* Xibs */,
			);
			name = Resources;
			path = "../../../Stick'n'Find/Stick'n'Find/Stick'n'Find/Resources";
			sourceTree = "<group>";
		};
		847CF53D1676F08700CC9411 /* Images */ = {
			isa = PBXGroup;
			children = (
				847CF53E1676F08700CC9411 /* TabIcons */,
			);
			path = Images;
			sourceTree = "<group>";
		};
		847CF53E1676F08700CC9411 /* TabIcons */ = {
			isa = PBXGroup;
			children = (
				847CF53F1676F08700CC9411 /* Discovery.png */,
				847CF5401676F08700CC9411 /* Discovery@2x.png */,
				847CF5411676F08700CC9411 /* Settings.png */,
				847CF5421676F08700CC9411 /* Settings@2x.png */,
			);
			path = TabIcons;
			sourceTree = "<group>";
		};
		847CF5431676F08700CC9411 /* Xibs */ = {
			isa = PBXGroup;
			children = (
				847CF5441676F08700CC9411 /* DiscoveryViewController.xib */,
				847CF5451676F08700CC9411 /* SettingsViewController.xib */,
				84987D4D1678A37B00C4BA41 /* DetailStickedObjectViewController.xib */,
				847C09511678837700EE33B3 /* DiscoveryCell.xib */,
				847C095F167895CC00EE33B3 /* DiscoveryCell1.xib */,
			);
			path = Xibs;
			sourceTree = "<group>";
		};
		847CF5461676F08700CC9411 /* ViewControllers */ = {
			isa = PBXGroup;
			children = (
				847CF5471676F08700CC9411 /* DiscoveryViewController.h */,
				847CF5481676F08700CC9411 /* DiscoveryViewController.m */,
				847CF5491676F08700CC9411 /* SettingsViewController.h */,
				847CF54A1676F08700CC9411 /* SettingsViewController.m */,
				84987D4B1678A37B00C4BA41 /* DetailStickedObjectViewController.h */,
				84987D4C1678A37B00C4BA41 /* DetailStickedObjectViewController.m */,
			);
			name = ViewControllers;
			path = "../../../Stick'n'Find/Stick'n'Find/Stick'n'Find/ViewControllers";
			sourceTree = "<group>";
		};
		847CF54B1676F08700CC9411 /* AppDelegate */ = {
			isa = PBXGroup;
			children = (
				847CF54C1676F08700CC9411 /* AppDelegate.h */,
				847CF54D1676F08700CC9411 /* AppDelegate.m */,
			);
			name = AppDelegate;
			path = "../../../Stick'n'Find/Stick'n'Find/Stick'n'Find/AppDelegate";
			sourceTree = "<group>";
		};
/* End PBXGroup section */

/* Begin PBXNativeTarget section */
		847CF5121676EFC000CC9411 /* StickMe */ = {
			isa = PBXNativeTarget;
			buildConfigurationList = 847CF52B1676EFC000CC9411 /* Build configuration list for PBXNativeTarget "StickMe" */;
			buildPhases = (
				847CF50F1676EFC000CC9411 /* Sources */,
				847CF5101676EFC000CC9411 /* Frameworks */,
				847CF5111676EFC000CC9411 /* Resources */,
			);
			buildRules = (
			);
			dependencies = (
			);
			name = StickMe;
			productName = StickMe;
			productReference = 847CF5131676EFC000CC9411 /* StickMe.app */;
			productType = "com.apple.product-type.application";
		};
/* End PBXNativeTarget section */

/* Begin PBXProject section */
		847CF50A1676EFC000CC9411 /* Project object */ = {
			isa = PBXProject;
			attributes = {
				LastUpgradeCheck = 0430;
			};
			buildConfigurationList = 847CF50D1676EFC000CC9411 /* Build configuration list for PBXProject "StickMe" */;
			compatibilityVersion = "Xcode 3.2";
			developmentRegion = English;
			hasScannedForEncodings = 0;
			knownRegions = (
				en,
			);
			mainGroup = 847CF5081676EFC000CC9411;
			productRefGroup = 847CF5141676EFC000CC9411 /* Products */;
			projectDirPath = "";
			projectRoot = "";
			targets = (
				847CF5121676EFC000CC9411 /* StickMe */,
			);
		};
/* End PBXProject section */

/* Begin PBXResourcesBuildPhase section */
		847CF5111676EFC000CC9411 /* Resources */ = {
			isa = PBXResourcesBuildPhase;
			buildActionMask = 2147483647;
			files = (
				847CF5221676EFC000CC9411 /* InfoPlist.strings in Resources */,
				847CF5541676F08700CC9411 /* Discovery.png in Resources */,
				847CF5551676F08700CC9411 /* Discovery@2x.png in Resources */,
				847CF5561676F08700CC9411 /* Settings.png in Resources */,
				847CF5571676F08700CC9411 /* Settings@2x.png in Resources */,
				847CF5581676F08700CC9411 /* DiscoveryViewController.xib in Resources */,
				847CF5591676F08700CC9411 /* SettingsViewController.xib in Resources */,
				847C09521678837700EE33B3 /* DiscoveryCell.xib in Resources */,
				847C0960167895CC00EE33B3 /* DiscoveryCell1.xib in Resources */,
				84987D4F1678A37B00C4BA41 /* DetailStickedObjectViewController.xib in Resources */,
			);
			runOnlyForDeploymentPostprocessing = 0;
		};
/* End PBXResourcesBuildPhase section */

/* Begin PBXSourcesBuildPhase section */
		847CF50F1676EFC000CC9411 /* Sources */ = {
			isa = PBXSourcesBuildPhase;
			buildActionMask = 2147483647;
			files = (
				847CF5241676EFC000CC9411 /* main.m in Sources */,
				847CF5511676F08700CC9411 /* BLEDiscoveryHelper.m in Sources */,
				847CF5521676F08700CC9411 /* Constants.m in Sources */,
				847CF5531676F08700CC9411 /* UserDefaultsHelper.m in Sources */,
				847CF55A1676F08700CC9411 /* DiscoveryViewController.m in Sources */,
				847CF55B1676F08700CC9411 /* SettingsViewController.m in Sources */,
				847CF55C1676F08700CC9411 /* AppDelegate.m in Sources */,
				847C094C167832F600EE33B3 /* StickObject.m in Sources */,
				847C09501678812A00EE33B3 /* DiscoveryCell.m in Sources */,
				847C095E167895B600EE33B3 /* DiscoveryCell1.m in Sources */,
				84987D4E1678A37B00C4BA41 /* DetailStickedObjectViewController.m in Sources */,
			);
			runOnlyForDeploymentPostprocessing = 0;
		};
/* End PBXSourcesBuildPhase section */

/* Begin PBXVariantGroup section */
		847CF5201676EFC000CC9411 /* InfoPlist.strings */ = {
			isa = PBXVariantGroup;
			children = (
				847CF5211676EFC000CC9411 /* en */,
			);
			name = InfoPlist.strings;
			sourceTree = "<group>";
		};
/* End PBXVariantGroup section */

/* Begin XCBuildConfiguration section */
		847CF5291676EFC000CC9411 /* Debug */ = {
			isa = XCBuildConfiguration;
			buildSettings = {
				ALWAYS_SEARCH_USER_PATHS = NO;
				ARCHS = "$(ARCHS_STANDARD_32_BIT)";
				"CODE_SIGN_IDENTITY[sdk=iphoneos*]" = "iPhone Developer: Phien Tram (622539H7F3)";
				COPY_PHASE_STRIP = NO;
				GCC_C_LANGUAGE_STANDARD = gnu99;
				GCC_DYNAMIC_NO_PIC = NO;
				GCC_OPTIMIZATION_LEVEL = 0;
				GCC_PREPROCESSOR_DEFINITIONS = (
					"DEBUG=1",
					"$(inherited)",
				);
				GCC_SYMBOLS_PRIVATE_EXTERN = NO;
				GCC_VERSION = com.apple.compilers.llvm.clang.1_0;
				GCC_WARN_ABOUT_RETURN_TYPE = YES;
				GCC_WARN_UNINITIALIZED_AUTOS = YES;
				GCC_WARN_UNUSED_VARIABLE = YES;
				IPHONEOS_DEPLOYMENT_TARGET = 5.1;
				"PROVISIONING_PROFILE[sdk=iphoneos*]" = "82A07F6E-2AAE-46BD-8086-D1EB07DB05CF";
				SDKROOT = iphoneos;
			};
			name = Debug;
		};
		847CF52A1676EFC000CC9411 /* Release */ = {
			isa = XCBuildConfiguration;
			buildSettings = {
				ALWAYS_SEARCH_USER_PATHS = NO;
				ARCHS = "$(ARCHS_STANDARD_32_BIT)";
				"CODE_SIGN_IDENTITY[sdk=iphoneos*]" = "iPhone Developer";
				COPY_PHASE_STRIP = YES;
				GCC_C_LANGUAGE_STANDARD = gnu99;
				GCC_VERSION = com.apple.compilers.llvm.clang.1_0;
				GCC_WARN_ABOUT_RETURN_TYPE = YES;
				GCC_WARN_UNINITIALIZED_AUTOS = YES;
				GCC_WARN_UNUSED_VARIABLE = YES;
				IPHONEOS_DEPLOYMENT_TARGET = 5.1;
				OTHER_CFLAGS = "-DNS_BLOCK_ASSERTIONS=1";
				SDKROOT = iphoneos;
				VALIDATE_PRODUCT = YES;
			};
			name = Release;
		};
		847CF52C1676EFC000CC9411 /* Debug */ = {
			isa = XCBuildConfiguration;
			buildSettings = {
				GCC_PRECOMPILE_PREFIX_HEADER = YES;
				GCC_PREFIX_HEADER = "StickMe/StickMe-Prefix.pch";
				INFOPLIST_FILE = "StickMe/StickMe-Info.plist";
				PRODUCT_NAME = "$(TARGET_NAME)";
				WRAPPER_EXTENSION = app;
			};
			name = Debug;
		};
		847CF52D1676EFC000CC9411 /* Release */ = {
			isa = XCBuildConfiguration;
			buildSettings = {
				GCC_PRECOMPILE_PREFIX_HEADER = YES;
				GCC_PREFIX_HEADER = "StickMe/StickMe-Prefix.pch";
				INFOPLIST_FILE = "StickMe/StickMe-Info.plist";
				PRODUCT_NAME = "$(TARGET_NAME)";
				WRAPPER_EXTENSION = app;
			};
			name = Release;
		};
/* End XCBuildConfiguration section */

/* Begin XCConfigurationList section */
		847CF50D1676EFC000CC9411 /* Build configuration list for PBXProject "StickMe" */ = {
			isa = XCConfigurationList;
			buildConfigurations = (
				847CF5291676EFC000CC9411 /* Debug */,
				847CF52A1676EFC000CC9411 /* Release */,
			);
			defaultConfigurationIsVisible = 0;
			defaultConfigurationName = Release;
		};
		847CF52B1676EFC000CC9411 /* Build configuration list for PBXNativeTarget "StickMe" */ = {
			isa = XCConfigurationList;
			buildConfigurations = (
				847CF52C1676EFC000CC9411 /* Debug */,
				847CF52D1676EFC000CC9411 /* Release */,
			);
			defaultConfigurationIsVisible = 0;
			defaultConfigurationName = Release;
		};
/* End XCConfigurationList section */
	};
	rootObject = 847CF50A1676EFC000CC9411 /* Project object */;
}
