// !$*UTF8*$!
{
	archiveVersion = 1;
	classes = {
	};
	objectVersion = 46;
	objects = {

/* Begin PBXBuildFile section */
		8466359F1684204D000DB00C /* DetailStickedObjectViewController.m in Sources */ = {isa = PBXBuildFile; fileRef = 846635981684204D000DB00C /* DetailStickedObjectViewController.m */; };
		846635A01684204D000DB00C /* DiscoveryViewController.m in Sources */ = {isa = PBXBuildFile; fileRef = 8466359A1684204D000DB00C /* DiscoveryViewController.m */; };
		846635A11684204D000DB00C /* RadarViewController.m in Sources */ = {isa = PBXBuildFile; fileRef = 8466359C1684204D000DB00C /* RadarViewController.m */; };
		846635A21684204D000DB00C /* SettingsViewController.m in Sources */ = {isa = PBXBuildFile; fileRef = 8466359E1684204D000DB00C /* SettingsViewController.m */; };
		846635AA168423BA000DB00C /* WaveStrengthView.m in Sources */ = {isa = PBXBuildFile; fileRef = 846635A9168423BA000DB00C /* WaveStrengthView.m */; };
		847C09501678812A00EE33B3 /* DiscoveryCell.m in Sources */ = {isa = PBXBuildFile; fileRef = 847C094F1678812A00EE33B3 /* DiscoveryCell.m */; };
		847C095E167895B600EE33B3 /* DiscoveryCell1.m in Sources */ = {isa = PBXBuildFile; fileRef = 847C095D167895B600EE33B3 /* DiscoveryCell1.m */; };
		847CF5181676EFC000CC9411 /* UIKit.framework in Frameworks */ = {isa = PBXBuildFile; fileRef = 847CF5171676EFC000CC9411 /* UIKit.framework */; };
		847CF51A1676EFC000CC9411 /* Foundation.framework in Frameworks */ = {isa = PBXBuildFile; fileRef = 847CF5191676EFC000CC9411 /* Foundation.framework */; };
		847CF51C1676EFC000CC9411 /* CoreGraphics.framework in Frameworks */ = {isa = PBXBuildFile; fileRef = 847CF51B1676EFC000CC9411 /* CoreGraphics.framework */; };
		847CF5221676EFC000CC9411 /* InfoPlist.strings in Resources */ = {isa = PBXBuildFile; fileRef = 847CF5201676EFC000CC9411 /* InfoPlist.strings */; };
		847CF5241676EFC000CC9411 /* main.m in Sources */ = {isa = PBXBuildFile; fileRef = 847CF5231676EFC000CC9411 /* main.m */; };
		847CF55F1676F0A100CC9411 /* CoreBluetooth.framework in Frameworks */ = {isa = PBXBuildFile; fileRef = 847CF55E1676F0A100CC9411 /* CoreBluetooth.framework */; };
		84BC3AEC168568C700505DD0 /* WaveStrengthView.xib in Resources */ = {isa = PBXBuildFile; fileRef = 84BC3AEB168568C700505DD0 /* WaveStrengthView.xib */; };
		84C2280C168563860046A158 /* Discovery.png in Resources */ = {isa = PBXBuildFile; fileRef = 84C227F0168563860046A158 /* Discovery.png */; };
		84C2280D168563860046A158 /* Discovery@2x.png in Resources */ = {isa = PBXBuildFile; fileRef = 84C227F1168563860046A158 /* Discovery@2x.png */; };
		84C2280E168563860046A158 /* Settings.png in Resources */ = {isa = PBXBuildFile; fileRef = 84C227F2168563860046A158 /* Settings.png */; };
		84C2280F168563860046A158 /* Settings@2x.png in Resources */ = {isa = PBXBuildFile; fileRef = 84C227F3168563860046A158 /* Settings@2x.png */; };
		84C22810168563860046A158 /* micro_ip.png in Resources */ = {isa = PBXBuildFile; fileRef = 84C227F5168563860046A158 /* micro_ip.png */; };
		84C22811168563860046A158 /* DetailStickedObjectViewController.xib in Resources */ = {isa = PBXBuildFile; fileRef = 84C227F7168563860046A158 /* DetailStickedObjectViewController.xib */; };
		84C22812168563860046A158 /* DiscoveryCell.xib in Resources */ = {isa = PBXBuildFile; fileRef = 84C227F8168563860046A158 /* DiscoveryCell.xib */; };
		84C22813168563860046A158 /* DiscoveryCell1.xib in Resources */ = {isa = PBXBuildFile; fileRef = 84C227F9168563860046A158 /* DiscoveryCell1.xib */; };
		84C22814168563860046A158 /* DiscoveryViewController.xib in Resources */ = {isa = PBXBuildFile; fileRef = 84C227FA168563860046A158 /* DiscoveryViewController.xib */; };
		84C22815168563860046A158 /* RadarView.xib in Resources */ = {isa = PBXBuildFile; fileRef = 84C227FB168563860046A158 /* RadarView.xib */; };
		84C22816168563860046A158 /* SettingsViewController.xib in Resources */ = {isa = PBXBuildFile; fileRef = 84C227FC168563860046A158 /* SettingsViewController.xib */; };
		84C22817168563860046A158 /* BLEDiscoveryHelper.m in Sources */ = {isa = PBXBuildFile; fileRef = 84C22800168563860046A158 /* BLEDiscoveryHelper.m */; };
		84C22818168563860046A158 /* Constants.m in Sources */ = {isa = PBXBuildFile; fileRef = 84C22802168563860046A158 /* Constants.m */; };
		84C22819168563860046A158 /* StickObject.m in Sources */ = {isa = PBXBuildFile; fileRef = 84C22805168563860046A158 /* StickObject.m */; };
		84C2281A168563860046A158 /* StickObjectSummary.m in Sources */ = {isa = PBXBuildFile; fileRef = 84C22807168563860046A158 /* StickObjectSummary.m */; };
		84C2281B168563860046A158 /* UserDefaultsHelper.m in Sources */ = {isa = PBXBuildFile; fileRef = 84C22809168563860046A158 /* UserDefaultsHelper.m */; };
		84C2281C168563860046A158 /* Utilities.m in Sources */ = {isa = PBXBuildFile; fileRef = 84C2280B168563860046A158 /* Utilities.m */; };
		84C6A5221684094400325741 /* RadarView.m in Sources */ = {isa = PBXBuildFile; fileRef = 84C6A5211684094400325741 /* RadarView.m */; };
		84C6A56216840DEE00325741 /* AppDelegate.m in Sources */ = {isa = PBXBuildFile; fileRef = 84C6A56116840DEE00325741 /* AppDelegate.m */; };
		84C9FCB4168857F0009E34E3 /* AVFoundation.framework in Frameworks */ = {isa = PBXBuildFile; fileRef = 84C9FCB3168857F0009E34E3 /* AVFoundation.framework */; };
		84C9FCB7168857F8009E34E3 /* AudioToolbox.framework in Frameworks */ = {isa = PBXBuildFile; fileRef = 84C9FCB6168857F8009E34E3 /* AudioToolbox.framework */; };
		84C9FCBA16885874009E34E3 /* NewMessage.wav in Resources */ = {isa = PBXBuildFile; fileRef = 84C9FCB916885874009E34E3 /* NewMessage.wav */; };
		84C9FCBD16886A68009E34E3 /* bluetooth.png in Resources */ = {isa = PBXBuildFile; fileRef = 84C9FCBC16886A68009E34E3 /* bluetooth.png */; };
/* End PBXBuildFile section */

/* Begin PBXFileReference section */
		846635971684204D000DB00C /* DetailStickedObjectViewController.h */ = {isa = PBXFileReference; fileEncoding = 4; lastKnownFileType = sourcecode.c.h; path = DetailStickedObjectViewController.h; sourceTree = "<group>"; };
		846635981684204D000DB00C /* DetailStickedObjectViewController.m */ = {isa = PBXFileReference; fileEncoding = 4; lastKnownFileType = sourcecode.c.objc; path = DetailStickedObjectViewController.m; sourceTree = "<group>"; };
		846635991684204D000DB00C /* DiscoveryViewController.h */ = {isa = PBXFileReference; fileEncoding = 4; lastKnownFileType = sourcecode.c.h; path = DiscoveryViewController.h; sourceTree = "<group>"; };
		8466359A1684204D000DB00C /* DiscoveryViewController.m */ = {isa = PBXFileReference; fileEncoding = 4; lastKnownFileType = sourcecode.c.objc; path = DiscoveryViewController.m; sourceTree = "<group>"; };
		8466359B1684204D000DB00C /* RadarViewController.h */ = {isa = PBXFileReference; fileEncoding = 4; lastKnownFileType = sourcecode.c.h; path = RadarViewController.h; sourceTree = "<group>"; };
		8466359C1684204D000DB00C /* RadarViewController.m */ = {isa = PBXFileReference; fileEncoding = 4; lastKnownFileType = sourcecode.c.objc; path = RadarViewController.m; sourceTree = "<group>"; };
		8466359D1684204D000DB00C /* SettingsViewController.h */ = {isa = PBXFileReference; fileEncoding = 4; lastKnownFileType = sourcecode.c.h; path = SettingsViewController.h; sourceTree = "<group>"; };
		8466359E1684204D000DB00C /* SettingsViewController.m */ = {isa = PBXFileReference; fileEncoding = 4; lastKnownFileType = sourcecode.c.objc; path = SettingsViewController.m; sourceTree = "<group>"; };
		846635A8168423BA000DB00C /* WaveStrengthView.h */ = {isa = PBXFileReference; fileEncoding = 4; lastKnownFileType = sourcecode.c.h; path = WaveStrengthView.h; sourceTree = "<group>"; };
		846635A9168423BA000DB00C /* WaveStrengthView.m */ = {isa = PBXFileReference; fileEncoding = 4; lastKnownFileType = sourcecode.c.objc; path = WaveStrengthView.m; sourceTree = "<group>"; };
		847C094E1678812A00EE33B3 /* DiscoveryCell.h */ = {isa = PBXFileReference; fileEncoding = 4; lastKnownFileType = sourcecode.c.h; path = DiscoveryCell.h; sourceTree = "<group>"; };
		847C094F1678812A00EE33B3 /* DiscoveryCell.m */ = {isa = PBXFileReference; fileEncoding = 4; lastKnownFileType = sourcecode.c.objc; path = DiscoveryCell.m; sourceTree = "<group>"; };
		847C095C167895B600EE33B3 /* DiscoveryCell1.h */ = {isa = PBXFileReference; fileEncoding = 4; lastKnownFileType = sourcecode.c.h; path = DiscoveryCell1.h; sourceTree = "<group>"; };
		847C095D167895B600EE33B3 /* DiscoveryCell1.m */ = {isa = PBXFileReference; fileEncoding = 4; lastKnownFileType = sourcecode.c.objc; path = DiscoveryCell1.m; sourceTree = "<group>"; };
		847CF5131676EFC000CC9411 /* StickMe.app */ = {isa = PBXFileReference; explicitFileType = wrapper.application; includeInIndex = 0; path = StickMe.app; sourceTree = BUILT_PRODUCTS_DIR; };
		847CF5171676EFC000CC9411 /* UIKit.framework */ = {isa = PBXFileReference; lastKnownFileType = wrapper.framework; name = UIKit.framework; path = System/Library/Frameworks/UIKit.framework; sourceTree = SDKROOT; };
		847CF5191676EFC000CC9411 /* Foundation.framework */ = {isa = PBXFileReference; lastKnownFileType = wrapper.framework; name = Foundation.framework; path = System/Library/Frameworks/Foundation.framework; sourceTree = SDKROOT; };
		847CF51B1676EFC000CC9411 /* CoreGraphics.framework */ = {isa = PBXFileReference; lastKnownFileType = wrapper.framework; name = CoreGraphics.framework; path = System/Library/Frameworks/CoreGraphics.framework; sourceTree = SDKROOT; };
		847CF51F1676EFC000CC9411 /* StickMe-Info.plist */ = {isa = PBXFileReference; lastKnownFileType = text.plist.xml; path = "StickMe-Info.plist"; sourceTree = "<group>"; };
		847CF5211676EFC000CC9411 /* en */ = {isa = PBXFileReference; lastKnownFileType = text.plist.strings; name = en; path = en.lproj/InfoPlist.strings; sourceTree = "<group>"; };
		847CF5231676EFC000CC9411 /* main.m */ = {isa = PBXFileReference; lastKnownFileType = sourcecode.c.objc; path = main.m; sourceTree = "<group>"; };
		847CF5251676EFC000CC9411 /* StickMe-Prefix.pch */ = {isa = PBXFileReference; lastKnownFileType = sourcecode.c.h; path = "StickMe-Prefix.pch"; sourceTree = "<group>"; };
		847CF55E1676F0A100CC9411 /* CoreBluetooth.framework */ = {isa = PBXFileReference; lastKnownFileType = wrapper.framework; name = CoreBluetooth.framework; path = System/Library/Frameworks/CoreBluetooth.framework; sourceTree = SDKROOT; };
		84BC3AEB168568C700505DD0 /* WaveStrengthView.xib */ = {isa = PBXFileReference; fileEncoding = 4; lastKnownFileType = file.xib; path = WaveStrengthView.xib; sourceTree = "<group>"; };
		84C227F0168563860046A158 /* Discovery.png */ = {isa = PBXFileReference; lastKnownFileType = image.png; path = Discovery.png; sourceTree = "<group>"; };
		84C227F1168563860046A158 /* Discovery@2x.png */ = {isa = PBXFileReference; lastKnownFileType = image.png; path = "Discovery@2x.png"; sourceTree = "<group>"; };
		84C227F2168563860046A158 /* Settings.png */ = {isa = PBXFileReference; lastKnownFileType = image.png; path = Settings.png; sourceTree = "<group>"; };
		84C227F3168563860046A158 /* Settings@2x.png */ = {isa = PBXFileReference; lastKnownFileType = image.png; path = "Settings@2x.png"; sourceTree = "<group>"; };
		84C227F5168563860046A158 /* micro_ip.png */ = {isa = PBXFileReference; lastKnownFileType = image.png; path = micro_ip.png; sourceTree = "<group>"; };
		84C227F7168563860046A158 /* DetailStickedObjectViewController.xib */ = {isa = PBXFileReference; fileEncoding = 4; lastKnownFileType = file.xib; path = DetailStickedObjectViewController.xib; sourceTree = "<group>"; };
		84C227F8168563860046A158 /* DiscoveryCell.xib */ = {isa = PBXFileReference; fileEncoding = 4; lastKnownFileType = file.xib; path = DiscoveryCell.xib; sourceTree = "<group>"; };
		84C227F9168563860046A158 /* DiscoveryCell1.xib */ = {isa = PBXFileReference; fileEncoding = 4; lastKnownFileType = file.xib; path = DiscoveryCell1.xib; sourceTree = "<group>"; };
		84C227FA168563860046A158 /* DiscoveryViewController.xib */ = {isa = PBXFileReference; fileEncoding = 4; lastKnownFileType = file.xib; path = DiscoveryViewController.xib; sourceTree = "<group>"; };
		84C227FB168563860046A158 /* RadarView.xib */ = {isa = PBXFileReference; fileEncoding = 4; lastKnownFileType = file.xib; path = RadarView.xib; sourceTree = "<group>"; };
		84C227FC168563860046A158 /* SettingsViewController.xib */ = {isa = PBXFileReference; fileEncoding = 4; lastKnownFileType = file.xib; path = SettingsViewController.xib; sourceTree = "<group>"; };
		84C227FF168563860046A158 /* BLEDiscoveryHelper.h */ = {isa = PBXFileReference; fileEncoding = 4; lastKnownFileType = sourcecode.c.h; path = BLEDiscoveryHelper.h; sourceTree = "<group>"; };
		84C22800168563860046A158 /* BLEDiscoveryHelper.m */ = {isa = PBXFileReference; fileEncoding = 4; lastKnownFileType = sourcecode.c.objc; path = BLEDiscoveryHelper.m; sourceTree = "<group>"; };
		84C22801168563860046A158 /* Constants.h */ = {isa = PBXFileReference; fileEncoding = 4; lastKnownFileType = sourcecode.c.h; path = Constants.h; sourceTree = "<group>"; };
		84C22802168563860046A158 /* Constants.m */ = {isa = PBXFileReference; fileEncoding = 4; lastKnownFileType = sourcecode.c.objc; path = Constants.m; sourceTree = "<group>"; };
		84C22803168563860046A158 /* Defines.h */ = {isa = PBXFileReference; fileEncoding = 4; lastKnownFileType = sourcecode.c.h; path = Defines.h; sourceTree = "<group>"; };
		84C22804168563860046A158 /* StickObject.h */ = {isa = PBXFileReference; fileEncoding = 4; lastKnownFileType = sourcecode.c.h; path = StickObject.h; sourceTree = "<group>"; };
		84C22805168563860046A158 /* StickObject.m */ = {isa = PBXFileReference; fileEncoding = 4; lastKnownFileType = sourcecode.c.objc; path = StickObject.m; sourceTree = "<group>"; };
		84C22806168563860046A158 /* StickObjectSummary.h */ = {isa = PBXFileReference; fileEncoding = 4; lastKnownFileType = sourcecode.c.h; path = StickObjectSummary.h; sourceTree = "<group>"; };
		84C22807168563860046A158 /* StickObjectSummary.m */ = {isa = PBXFileReference; fileEncoding = 4; lastKnownFileType = sourcecode.c.objc; path = StickObjectSummary.m; sourceTree = "<group>"; };
		84C22808168563860046A158 /* UserDefaultsHelper.h */ = {isa = PBXFileReference; fileEncoding = 4; lastKnownFileType = sourcecode.c.h; path = UserDefaultsHelper.h; sourceTree = "<group>"; };
		84C22809168563860046A158 /* UserDefaultsHelper.m */ = {isa = PBXFileReference; fileEncoding = 4; lastKnownFileType = sourcecode.c.objc; path = UserDefaultsHelper.m; sourceTree = "<group>"; };
		84C2280A168563860046A158 /* Utilities.h */ = {isa = PBXFileReference; fileEncoding = 4; lastKnownFileType = sourcecode.c.h; path = Utilities.h; sourceTree = "<group>"; };
		84C2280B168563860046A158 /* Utilities.m */ = {isa = PBXFileReference; fileEncoding = 4; lastKnownFileType = sourcecode.c.objc; path = Utilities.m; sourceTree = "<group>"; };
		84C6A5201684094400325741 /* RadarView.h */ = {isa = PBXFileReference; fileEncoding = 4; lastKnownFileType = sourcecode.c.h; path = RadarView.h; sourceTree = "<group>"; };
		84C6A5211684094400325741 /* RadarView.m */ = {isa = PBXFileReference; fileEncoding = 4; lastKnownFileType = sourcecode.c.objc; path = RadarView.m; sourceTree = "<group>"; };
		84C6A56016840DEE00325741 /* AppDelegate.h */ = {isa = PBXFileReference; fileEncoding = 4; lastKnownFileType = sourcecode.c.h; path = AppDelegate.h; sourceTree = "<group>"; };
		84C6A56116840DEE00325741 /* AppDelegate.m */ = {isa = PBXFileReference; fileEncoding = 4; lastKnownFileType = sourcecode.c.objc; path = AppDelegate.m; sourceTree = "<group>"; };
		84C9FCB3168857F0009E34E3 /* AVFoundation.framework */ = {isa = PBXFileReference; lastKnownFileType = wrapper.framework; name = AVFoundation.framework; path = System/Library/Frameworks/AVFoundation.framework; sourceTree = SDKROOT; };
		84C9FCB6168857F8009E34E3 /* AudioToolbox.framework */ = {isa = PBXFileReference; lastKnownFileType = wrapper.framework; name = AudioToolbox.framework; path = System/Library/Frameworks/AudioToolbox.framework; sourceTree = SDKROOT; };
		84C9FCB916885874009E34E3 /* NewMessage.wav */ = {isa = PBXFileReference; lastKnownFileType = audio.wav; path = NewMessage.wav; sourceTree = "<group>"; };
		84C9FCBC16886A68009E34E3 /* bluetooth.png */ = {isa = PBXFileReference; lastKnownFileType = image.png; path = bluetooth.png; sourceTree = "<group>"; };
/* End PBXFileReference section */

/* Begin PBXFrameworksBuildPhase section */
		847CF5101676EFC000CC9411 /* Frameworks */ = {
			isa = PBXFrameworksBuildPhase;
			buildActionMask = 2147483647;
			files = (
				84C9FCB7168857F8009E34E3 /* AudioToolbox.framework in Frameworks */,
				84C9FCB4168857F0009E34E3 /* AVFoundation.framework in Frameworks */,
				847CF55F1676F0A100CC9411 /* CoreBluetooth.framework in Frameworks */,
				847CF5181676EFC000CC9411 /* UIKit.framework in Frameworks */,
				847CF51A1676EFC000CC9411 /* Foundation.framework in Frameworks */,
				847CF51C1676EFC000CC9411 /* CoreGraphics.framework in Frameworks */,
			);
			runOnlyForDeploymentPostprocessing = 0;
		};
/* End PBXFrameworksBuildPhase section */

/* Begin PBXGroup section */
		841C9A0616770E970061991B /* Extensions */ = {
			isa = PBXGroup;
			children = (
			);
			name = Extensions;
			sourceTree = "<group>";
		};
		846635961684204D000DB00C /* ViewControllers */ = {
			isa = PBXGroup;
			children = (
				8466359B1684204D000DB00C /* RadarViewController.h */,
				8466359C1684204D000DB00C /* RadarViewController.m */,
				846635991684204D000DB00C /* DiscoveryViewController.h */,
				8466359A1684204D000DB00C /* DiscoveryViewController.m */,
				8466359D1684204D000DB00C /* SettingsViewController.h */,
				8466359E1684204D000DB00C /* SettingsViewController.m */,
				846635971684204D000DB00C /* DetailStickedObjectViewController.h */,
				846635981684204D000DB00C /* DetailStickedObjectViewController.m */,
			);
			path = ViewControllers;
			sourceTree = "<group>";
		};
		847C094D167880B600EE33B3 /* Views */ = {
			isa = PBXGroup;
			children = (
				84C6A5201684094400325741 /* RadarView.h */,
				84C6A5211684094400325741 /* RadarView.m */,
				847C094E1678812A00EE33B3 /* DiscoveryCell.h */,
				847C094F1678812A00EE33B3 /* DiscoveryCell.m */,
				847C095C167895B600EE33B3 /* DiscoveryCell1.h */,
				847C095D167895B600EE33B3 /* DiscoveryCell1.m */,
				846635A8168423BA000DB00C /* WaveStrengthView.h */,
				846635A9168423BA000DB00C /* WaveStrengthView.m */,
			);
			path = Views;
			sourceTree = "<group>";
		};
		847CF5081676EFC000CC9411 = {
			isa = PBXGroup;
			children = (
				847CF51D1676EFC000CC9411 /* StickMe */,
				847CF5161676EFC000CC9411 /* Frameworks */,
				847CF5141676EFC000CC9411 /* Products */,
			);
			sourceTree = "<group>";
		};
		847CF5141676EFC000CC9411 /* Products */ = {
			isa = PBXGroup;
			children = (
				847CF5131676EFC000CC9411 /* StickMe.app */,
			);
			name = Products;
			sourceTree = "<group>";
		};
		847CF5161676EFC000CC9411 /* Frameworks */ = {
			isa = PBXGroup;
			children = (
				84C9FCB6168857F8009E34E3 /* AudioToolbox.framework */,
				84C9FCB3168857F0009E34E3 /* AVFoundation.framework */,
				847CF55E1676F0A100CC9411 /* CoreBluetooth.framework */,
				847CF5171676EFC000CC9411 /* UIKit.framework */,
				847CF5191676EFC000CC9411 /* Foundation.framework */,
				847CF51B1676EFC000CC9411 /* CoreGraphics.framework */,
			);
			name = Frameworks;
			sourceTree = "<group>";
		};
		847CF51D1676EFC000CC9411 /* StickMe */ = {
			isa = PBXGroup;
			children = (
				84C227ED168563860046A158 /* Resources */,
				84C227FD168563860046A158 /* Utilities */,
				841C9A0616770E970061991B /* Extensions */,
				847C094D167880B600EE33B3 /* Views */,
				846635961684204D000DB00C /* ViewControllers */,
				84C6A55F16840DEE00325741 /* AppDelegate */,
				847CF51E1676EFC000CC9411 /* Supporting Files */,
			);
			path = StickMe;
			sourceTree = "<group>";
		};
		847CF51E1676EFC000CC9411 /* Supporting Files */ = {
			isa = PBXGroup;
			children = (
				847CF51F1676EFC000CC9411 /* StickMe-Info.plist */,
				847CF5201676EFC000CC9411 /* InfoPlist.strings */,
				847CF5231676EFC000CC9411 /* main.m */,
				847CF5251676EFC000CC9411 /* StickMe-Prefix.pch */,
			);
			name = "Supporting Files";
			sourceTree = "<group>";
		};
		84C227ED168563860046A158 /* Resources */ = {
			isa = PBXGroup;
			children = (
				84C9FCB816885874009E34E3 /* Sounds */,
				84C227EE168563860046A158 /* Images */,
				84C227F6168563860046A158 /* Xibs */,
			);
			path = Resources;
			sourceTree = "<group>";
		};
		84C227EE168563860046A158 /* Images */ = {
			isa = PBXGroup;
			children = (
				84C9FCBB16886A68009E34E3 /* Table Cell */,
				84C227EF168563860046A158 /* TabIcons */,
				84C227F4168563860046A158 /* Wave */,
			);
			path = Images;
			sourceTree = "<group>";
		};
		84C227EF168563860046A158 /* TabIcons */ = {
			isa = PBXGroup;
			children = (
				84C227F0168563860046A158 /* Discovery.png */,
				84C227F1168563860046A158 /* Discovery@2x.png */,
				84C227F2168563860046A158 /* Settings.png */,
				84C227F3168563860046A158 /* Settings@2x.png */,
			);
			path = TabIcons;
			sourceTree = "<group>";
		};
		84C227F4168563860046A158 /* Wave */ = {
			isa = PBXGroup;
			children = (
				84C227F5168563860046A158 /* micro_ip.png */,
			);
			path = Wave;
			sourceTree = "<group>";
		};
		84C227F6168563860046A158 /* Xibs */ = {
			isa = PBXGroup;
			children = (
				84C227FB168563860046A158 /* RadarView.xib */,
				84C227FA168563860046A158 /* DiscoveryViewController.xib */,
				84C227FC168563860046A158 /* SettingsViewController.xib */,
				84C227F7168563860046A158 /* DetailStickedObjectViewController.xib */,
				84C227F8168563860046A158 /* DiscoveryCell.xib */,
				84C227F9168563860046A158 /* DiscoveryCell1.xib */,
				84BC3AEB168568C700505DD0 /* WaveStrengthView.xib */,
			);
			path = Xibs;
			sourceTree = "<group>";
		};
		84C227FD168563860046A158 /* Utilities */ = {
			isa = PBXGroup;
			children = (
				84C227FE168563860046A158 /* BLEHelper */,
				84C22801168563860046A158 /* Constants.h */,
				84C22802168563860046A158 /* Constants.m */,
				84C22803168563860046A158 /* Defines.h */,
				84C22804168563860046A158 /* StickObject.h */,
				84C22805168563860046A158 /* StickObject.m */,
				84C22806168563860046A158 /* StickObjectSummary.h */,
				84C22807168563860046A158 /* StickObjectSummary.m */,
				84C22808168563860046A158 /* UserDefaultsHelper.h */,
				84C22809168563860046A158 /* UserDefaultsHelper.m */,
				84C2280A168563860046A158 /* Utilities.h */,
				84C2280B168563860046A158 /* Utilities.m */,
			);
			path = Utilities;
			sourceTree = "<group>";
		};
		84C227FE168563860046A158 /* BLEHelper */ = {
			isa = PBXGroup;
			children = (
				84C227FF168563860046A158 /* BLEDiscoveryHelper.h */,
				84C22800168563860046A158 /* BLEDiscoveryHelper.m */,
			);
			path = BLEHelper;
			sourceTree = "<group>";
		};
		84C6A55F16840DEE00325741 /* AppDelegate */ = {
			isa = PBXGroup;
			children = (
				84C6A56016840DEE00325741 /* AppDelegate.h */,
				84C6A56116840DEE00325741 /* AppDelegate.m */,
			);
			path = AppDelegate;
			sourceTree = "<group>";
		};
		84C9FCB816885874009E34E3 /* Sounds */ = {
			isa = PBXGroup;
			children = (
				84C9FCB916885874009E34E3 /* NewMessage.wav */,
			);
			path = Sounds;
			sourceTree = "<group>";
		};
		84C9FCBB16886A68009E34E3 /* Table Cell */ = {
			isa = PBXGroup;
			children = (
				84C9FCBC16886A68009E34E3 /* bluetooth.png */,
			);
			path = "Table Cell";
			sourceTree = "<group>";
		};
/* End PBXGroup section */

/* Begin PBXNativeTarget section */
		847CF5121676EFC000CC9411 /* StickMe */ = {
			isa = PBXNativeTarget;
			buildConfigurationList = 847CF52B1676EFC000CC9411 /* Build configuration list for PBXNativeTarget "StickMe" */;
			buildPhases = (
				847CF50F1676EFC000CC9411 /* Sources */,
				847CF5101676EFC000CC9411 /* Frameworks */,
				847CF5111676EFC000CC9411 /* Resources */,
			);
			buildRules = (
			);
			dependencies = (
			);
			name = StickMe;
			productName = StickMe;
			productReference = 847CF5131676EFC000CC9411 /* StickMe.app */;
			productType = "com.apple.product-type.application";
		};
/* End PBXNativeTarget section */

/* Begin PBXProject section */
		847CF50A1676EFC000CC9411 /* Project object */ = {
			isa = PBXProject;
			attributes = {
				LastUpgradeCheck = 0430;
			};
			buildConfigurationList = 847CF50D1676EFC000CC9411 /* Build configuration list for PBXProject "StickMe" */;
			compatibilityVersion = "Xcode 3.2";
			developmentRegion = English;
			hasScannedForEncodings = 0;
			knownRegions = (
				en,
			);
			mainGroup = 847CF5081676EFC000CC9411;
			productRefGroup = 847CF5141676EFC000CC9411 /* Products */;
			projectDirPath = "";
			projectRoot = "";
			targets = (
				847CF5121676EFC000CC9411 /* StickMe */,
			);
		};
/* End PBXProject section */

/* Begin PBXResourcesBuildPhase section */
		847CF5111676EFC000CC9411 /* Resources */ = {
			isa = PBXResourcesBuildPhase;
			buildActionMask = 2147483647;
			files = (
				847CF5221676EFC000CC9411 /* InfoPlist.strings in Resources */,
				84C2280C168563860046A158 /* Discovery.png in Resources */,
				84C2280D168563860046A158 /* Discovery@2x.png in Resources */,
				84C2280E168563860046A158 /* Settings.png in Resources */,
				84C2280F168563860046A158 /* Settings@2x.png in Resources */,
				84C22810168563860046A158 /* micro_ip.png in Resources */,
				84C22811168563860046A158 /* DetailStickedObjectViewController.xib in Resources */,
				84C22812168563860046A158 /* DiscoveryCell.xib in Resources */,
				84C22813168563860046A158 /* DiscoveryCell1.xib in Resources */,
				84C22814168563860046A158 /* DiscoveryViewController.xib in Resources */,
				84C22815168563860046A158 /* RadarView.xib in Resources */,
				84C22816168563860046A158 /* SettingsViewController.xib in Resources */,
				84BC3AEC168568C700505DD0 /* WaveStrengthView.xib in Resources */,
				84C9FCBA16885874009E34E3 /* NewMessage.wav in Resources */,
				84C9FCBD16886A68009E34E3 /* bluetooth.png in Resources */,
			);
			runOnlyForDeploymentPostprocessing = 0;
		};
/* End PBXResourcesBuildPhase section */

/* Begin PBXSourcesBuildPhase section */
		847CF50F1676EFC000CC9411 /* Sources */ = {
			isa = PBXSourcesBuildPhase;
			buildActionMask = 2147483647;
			files = (
				847CF5241676EFC000CC9411 /* main.m in Sources */,
				847C09501678812A00EE33B3 /* DiscoveryCell.m in Sources */,
				847C095E167895B600EE33B3 /* DiscoveryCell1.m in Sources */,
				84C6A5221684094400325741 /* RadarView.m in Sources */,
				84C6A56216840DEE00325741 /* AppDelegate.m in Sources */,
				8466359F1684204D000DB00C /* DetailStickedObjectViewController.m in Sources */,
				846635A01684204D000DB00C /* DiscoveryViewController.m in Sources */,
				846635A11684204D000DB00C /* RadarViewController.m in Sources */,
				846635A21684204D000DB00C /* SettingsViewController.m in Sources */,
				846635AA168423BA000DB00C /* WaveStrengthView.m in Sources */,
				84C22817168563860046A158 /* BLEDiscoveryHelper.m in Sources */,
				84C22818168563860046A158 /* Constants.m in Sources */,
				84C22819168563860046A158 /* StickObject.m in Sources */,
				84C2281A168563860046A158 /* StickObjectSummary.m in Sources */,
				84C2281B168563860046A158 /* UserDefaultsHelper.m in Sources */,
				84C2281C168563860046A158 /* Utilities.m in Sources */,
			);
			runOnlyForDeploymentPostprocessing = 0;
		};
/* End PBXSourcesBuildPhase section */

/* Begin PBXVariantGroup section */
		847CF5201676EFC000CC9411 /* InfoPlist.strings */ = {
			isa = PBXVariantGroup;
			children = (
				847CF5211676EFC000CC9411 /* en */,
			);
			name = InfoPlist.strings;
			sourceTree = "<group>";
		};
/* End PBXVariantGroup section */

/* Begin XCBuildConfiguration section */
		847CF5291676EFC000CC9411 /* Debug */ = {
			isa = XCBuildConfiguration;
			buildSettings = {
				ALWAYS_SEARCH_USER_PATHS = NO;
				ARCHS = "$(ARCHS_STANDARD_32_BIT)";
				"CODE_SIGN_IDENTITY[sdk=iphoneos*]" = "iPhone Developer: Phien Tram (622539H7F3)";
				COPY_PHASE_STRIP = NO;
				GCC_C_LANGUAGE_STANDARD = gnu99;
				GCC_DYNAMIC_NO_PIC = NO;
				GCC_OPTIMIZATION_LEVEL = 0;
				GCC_PREPROCESSOR_DEFINITIONS = (
					"DEBUG=1",
					"$(inherited)",
				);
				GCC_SYMBOLS_PRIVATE_EXTERN = NO;
				GCC_VERSION = com.apple.compilers.llvm.clang.1_0;
				GCC_WARN_ABOUT_RETURN_TYPE = YES;
				GCC_WARN_UNINITIALIZED_AUTOS = YES;
				GCC_WARN_UNUSED_VARIABLE = YES;
				IPHONEOS_DEPLOYMENT_TARGET = 5.1;
				"PROVISIONING_PROFILE[sdk=iphoneos*]" = "82A07F6E-2AAE-46BD-8086-D1EB07DB05CF";
				SDKROOT = iphoneos;
			};
			name = Debug;
		};
		847CF52A1676EFC000CC9411 /* Release */ = {
			isa = XCBuildConfiguration;
			buildSettings = {
				ALWAYS_SEARCH_USER_PATHS = NO;
				ARCHS = "$(ARCHS_STANDARD_32_BIT)";
				"CODE_SIGN_IDENTITY[sdk=iphoneos*]" = "iPhone Developer";
				COPY_PHASE_STRIP = YES;
				GCC_C_LANGUAGE_STANDARD = gnu99;
				GCC_VERSION = com.apple.compilers.llvm.clang.1_0;
				GCC_WARN_ABOUT_RETURN_TYPE = YES;
				GCC_WARN_UNINITIALIZED_AUTOS = YES;
				GCC_WARN_UNUSED_VARIABLE = YES;
				IPHONEOS_DEPLOYMENT_TARGET = 5.1;
				OTHER_CFLAGS = "-DNS_BLOCK_ASSERTIONS=1";
				SDKROOT = iphoneos;
				VALIDATE_PRODUCT = YES;
			};
			name = Release;
		};
		847CF52C1676EFC000CC9411 /* Debug */ = {
			isa = XCBuildConfiguration;
			buildSettings = {
				GCC_PRECOMPILE_PREFIX_HEADER = YES;
				GCC_PREFIX_HEADER = "StickMe/StickMe-Prefix.pch";
				INFOPLIST_FILE = "StickMe/StickMe-Info.plist";
				PRODUCT_NAME = "$(TARGET_NAME)";
				WRAPPER_EXTENSION = app;
			};
			name = Debug;
		};
		847CF52D1676EFC000CC9411 /* Release */ = {
			isa = XCBuildConfiguration;
			buildSettings = {
				GCC_PRECOMPILE_PREFIX_HEADER = YES;
				GCC_PREFIX_HEADER = "StickMe/StickMe-Prefix.pch";
				INFOPLIST_FILE = "StickMe/StickMe-Info.plist";
				PRODUCT_NAME = "$(TARGET_NAME)";
				WRAPPER_EXTENSION = app;
			};
			name = Release;
		};
/* End XCBuildConfiguration section */

/* Begin XCConfigurationList section */
		847CF50D1676EFC000CC9411 /* Build configuration list for PBXProject "StickMe" */ = {
			isa = XCConfigurationList;
			buildConfigurations = (
				847CF5291676EFC000CC9411 /* Debug */,
				847CF52A1676EFC000CC9411 /* Release */,
			);
			defaultConfigurationIsVisible = 0;
			defaultConfigurationName = Release;
		};
		847CF52B1676EFC000CC9411 /* Build configuration list for PBXNativeTarget "StickMe" */ = {
			isa = XCConfigurationList;
			buildConfigurations = (
				847CF52C1676EFC000CC9411 /* Debug */,
				847CF52D1676EFC000CC9411 /* Release */,
			);
			defaultConfigurationIsVisible = 0;
			defaultConfigurationName = Release;
		};
/* End XCConfigurationList section */
	};
	rootObject = 847CF50A1676EFC000CC9411 /* Project object */;
}
